# THIS IS AN AUTOGENERATED FILE. DO NOT EDIT THIS FILE DIRECTLY.
# yarn lockfile v1


configure-test@^1.0.0:
  version "1.0.0"
  resolved "https://registry.yarnpkg.com/configure-test/-/configure-test-1.0.0.tgz#e3b17792e96682b44dc098e512c3c7403430897d"
  integrity sha512-Jk/nazlEwlaIXaxRzhyDv38Kj1sNq0fGIViChvuwJmOPs4fYTqxKUMtttKQJFx0S9vd5fk5gP0sAQsDIePNaTg==
